
Microsoft Visual Studio Solution File, Format Version 12.00
# Visual Studio Version 17
VisualStudioVersion = 17.4.33213.308
MinimumVisualStudioVersion = 10.0.40219.1
Project("{FAE04EC0-301F-11D3-BF4B-00C04F79EFBC}") = "CRUDloginSQLwithEntityFramework", "CRUDloginSQLwithEntityFramework.csproj", "{B7751A52-22BC-4169-BCE9-1BEFDAC2CB13}"
EndProject
Global
	GlobalSection(SolutionConfigurationPlatforms) = preSolution
		Debug|Any CPU = Debug|Any CPU
		Release|Any CPU = Release|Any CPU
	EndGlobalSection
	GlobalSection(ProjectConfigurationPlatforms) = postSolution
		{B7751A52-22BC-4169-BCE9-1BEFDAC2CB13}.Debug|Any CPU.ActiveCfg = Debug|Any CPU
		{B7751A52-22BC-4169-BCE9-1BEFDAC2CB13}.Debug|Any CPU.Build.0 = Debug|Any CPU
		{B7751A52-22BC-4169-BCE9-1BEFDAC2CB13}.Release|Any CPU.ActiveCfg = Release|Any CPU
		{B7751A52-22BC-4169-BCE9-1BEFDAC2CB13}.Release|Any CPU.Build.0 = Release|Any CPU
	EndGlobalSection
	GlobalSection(SolutionProperties) = preSolution
		HideSolutionNode = FALSE
	EndGlobalSection
	GlobalSection(ExtensibilityGlobals) = postSolution
		SolutionGuid = {DDDBA1C1-6022-4FAC-B1C5-D4CBFBF4F014}
	EndGlobalSection
EndGlobal
